
Microsoft Visual Studio Solution File, Format Version 12.00
# Visual Studio Version 16
VisualStudioVersion = 16.0.30225.117
MinimumVisualStudioVersion = 10.0.40219.1
Project("{FAE04EC0-301F-11D3-BF4B-00C04F79EFBC}") = "DeribitClient", "DeribitClient\DeribitClient.csproj", "{3FBA2369-777D-4012-AB43-0D1C174EB4A8}"
EndProject
Project("{FAE04EC0-301F-11D3-BF4B-00C04F79EFBC}") = "DeribitClient.Tests", "DeribitClient.Tests\DeribitClient.Tests.csproj", "{01097A32-441A-4A77-BFD9-2C129BBC7A29}"
EndProject
Global
	GlobalSection(SolutionConfigurationPlatforms) = preSolution
		Debug|Any CPU = Debug|Any CPU
		Release|Any CPU = Release|Any CPU
	EndGlobalSection
	GlobalSection(ProjectConfigurationPlatforms) = postSolution
		{3FBA2369-777D-4012-AB43-0D1C174EB4A8}.Debug|Any CPU.ActiveCfg = Debug|Any CPU
		{3FBA2369-777D-4012-AB43-0D1C174EB4A8}.Debug|Any CPU.Build.0 = Debug|Any CPU
		{3FBA2369-777D-4012-AB43-0D1C174EB4A8}.Release|Any CPU.ActiveCfg = Release|Any CPU
		{3FBA2369-777D-4012-AB43-0D1C174EB4A8}.Release|Any CPU.Build.0 = Release|Any CPU
		{01097A32-441A-4A77-BFD9-2C129BBC7A29}.Debug|Any CPU.ActiveCfg = Debug|Any CPU
		{01097A32-441A-4A77-BFD9-2C129BBC7A29}.Debug|Any CPU.Build.0 = Debug|Any CPU
		{01097A32-441A-4A77-BFD9-2C129BBC7A29}.Release|Any CPU.ActiveCfg = Release|Any CPU
		{01097A32-441A-4A77-BFD9-2C129BBC7A29}.Release|Any CPU.Build.0 = Release|Any CPU
	EndGlobalSection
	GlobalSection(SolutionProperties) = preSolution
		HideSolutionNode = FALSE
	EndGlobalSection
	GlobalSection(ExtensibilityGlobals) = postSolution
		SolutionGuid = {AD86FCAF-0AD7-4BBB-9A98-F6D5DFA23A17}
	EndGlobalSection
EndGlobal
